// !$*UTF8*$!
{
	archiveVersion = 1;
	classes = {
	};
	objectVersion = 46;
	objects = {

/* Begin PBXBuildFile section */
		BC051E981C5070C700100CB7 /* AppDelegate.swift in Sources */ = {isa = PBXBuildFile; fileRef = BC051E971C5070C700100CB7 /* AppDelegate.swift */; };
		BC051E9A1C5070C700100CB7 /* ViewController.swift in Sources */ = {isa = PBXBuildFile; fileRef = BC051E991C5070C700100CB7 /* ViewController.swift */; };
		BC051E9D1C5070C700100CB7 /* Main.storyboard in Resources */ = {isa = PBXBuildFile; fileRef = BC051E9B1C5070C700100CB7 /* Main.storyboard */; };
		BC051E9F1C5070C700100CB7 /* Assets.xcassets in Resources */ = {isa = PBXBuildFile; fileRef = BC051E9E1C5070C700100CB7 /* Assets.xcassets */; };
		BC051EA21C5070C700100CB7 /* LaunchScreen.storyboard in Resources */ = {isa = PBXBuildFile; fileRef = BC051EA01C5070C700100CB7 /* LaunchScreen.storyboard */; };
		BC051EAA1C51B6AB00100CB7 /* MeditationModel.swift in Sources */ = {isa = PBXBuildFile; fileRef = BC051EA91C51B6AB00100CB7 /* MeditationModel.swift */; };
		BC051EAC1C51FB9C00100CB7 /* ColorModel.swift in Sources */ = {isa = PBXBuildFile; fileRef = BC051EAB1C51FB9C00100CB7 /* ColorModel.swift */; };
/* End PBXBuildFile section */

/* Begin PBXFileReference section */
		BC051E941C5070C700100CB7 /* SimpleZen.app */ = {isa = PBXFileReference; explicitFileType = wrapper.application; includeInIndex = 0; path = SimpleZen.app; sourceTree = BUILT_PRODUCTS_DIR; };
		BC051E971C5070C700100CB7 /* AppDelegate.swift */ = {isa = PBXFileReference; lastKnownFileType = sourcecode.swift; path = AppDelegate.swift; sourceTree = "<group>"; };
		BC051E991C5070C700100CB7 /* ViewController.swift */ = {isa = PBXFileReference; lastKnownFileType = sourcecode.swift; path = ViewController.swift; sourceTree = "<group>"; };
		BC051E9C1C5070C700100CB7 /* Base */ = {isa = PBXFileReference; lastKnownFileType = file.storyboard; name = Base; path = Base.lproj/Main.storyboard; sourceTree = "<group>"; };
		BC051E9E1C5070C700100CB7 /* Assets.xcassets */ = {isa = PBXFileReference; lastKnownFileType = folder.assetcatalog; path = Assets.xcassets; sourceTree = "<group>"; };
		BC051EA11C5070C700100CB7 /* Base */ = {isa = PBXFileReference; lastKnownFileType = file.storyboard; name = Base; path = Base.lproj/LaunchScreen.storyboard; sourceTree = "<group>"; };
		BC051EA31C5070C700100CB7 /* Info.plist */ = {isa = PBXFileReference; lastKnownFileType = text.plist.xml; path = Info.plist; sourceTree = "<group>"; };
		BC051EA91C51B6AB00100CB7 /* MeditationModel.swift */ = {isa = PBXFileReference; fileEncoding = 4; lastKnownFileType = sourcecode.swift; path = MeditationModel.swift; sourceTree = "<group>"; };
		BC051EAB1C51FB9C00100CB7 /* ColorModel.swift */ = {isa = PBXFileReference; fileEncoding = 4; lastKnownFileType = sourcecode.swift; path = ColorModel.swift; sourceTree = "<group>"; };
/* End PBXFileReference section */

/* Begin PBXFrameworksBuildPhase section */
		BC051E911C5070C700100CB7 /* Frameworks */ = {
			isa = PBXFrameworksBuildPhase;
			buildActionMask = 2147483647;
			files = (
			);
			runOnlyForDeploymentPostprocessing = 0;
		};
/* End PBXFrameworksBuildPhase section */

/* Begin PBXGroup section */
		BC051E8B1C5070C700100CB7 = {
			isa = PBXGroup;
			children = (
				BC051E961C5070C700100CB7 /* SimpleZen */,
				BC051E951C5070C700100CB7 /* Products */,
			);
			sourceTree = "<group>";
		};
		BC051E951C5070C700100CB7 /* Products */ = {
			isa = PBXGroup;
			children = (
				BC051E941C5070C700100CB7 /* SimpleZen.app */,
			);
			name = Products;
			sourceTree = "<group>";
		};
		BC051E961C5070C700100CB7 /* SimpleZen */ = {
			isa = PBXGroup;
			children = (
				BC051E971C5070C700100CB7 /* AppDelegate.swift */,
				BC051E991C5070C700100CB7 /* ViewController.swift */,
				BC051EA91C51B6AB00100CB7 /* MeditationModel.swift */,
				BC051E9B1C5070C700100CB7 /* Main.storyboard */,
				BC051E9E1C5070C700100CB7 /* Assets.xcassets */,
				BC051EA01C5070C700100CB7 /* LaunchScreen.storyboard */,
				BC051EA31C5070C700100CB7 /* Info.plist */,
				BC051EAB1C51FB9C00100CB7 /* ColorModel.swift */,
			);
			path = SimpleZen;
			sourceTree = "<group>";
		};
/* End PBXGroup section */

/* Begin PBXNativeTarget section */
		BC051E931C5070C700100CB7 /* SimpleZen */ = {
			isa = PBXNativeTarget;
			buildConfigurationList = BC051EA61C5070C700100CB7 /* Build configuration list for PBXNativeTarget "SimpleZen" */;
			buildPhases = (
				BC051E901C5070C700100CB7 /* Sources */,
				BC051E911C5070C700100CB7 /* Frameworks */,
				BC051E921C5070C700100CB7 /* Resources */,
			);
			buildRules = (
			);
			dependencies = (
			);
			name = SimpleZen;
			productName = SimpleZen;
			productReference = BC051E941C5070C700100CB7 /* SimpleZen.app */;
			productType = "com.apple.product-type.application";
		};
/* End PBXNativeTarget section */

/* Begin PBXProject section */
		BC051E8C1C5070C700100CB7 /* Project object */ = {
			isa = PBXProject;
			attributes = {
				LastSwiftUpdateCheck = 0720;
				LastUpgradeCheck = 0720;
				ORGANIZATIONNAME = "Adam Carter";
				TargetAttributes = {
					BC051E931C5070C700100CB7 = {
						CreatedOnToolsVersion = 7.2;
						DevelopmentTeam = 6DZ7S9UU7D;
					};
				};
			};
			buildConfigurationList = BC051E8F1C5070C700100CB7 /* Build configuration list for PBXProject "SimpleZen" */;
			compatibilityVersion = "Xcode 3.2";
			developmentRegion = English;
			hasScannedForEncodings = 0;
			knownRegions = (
				en,
				Base,
			);
			mainGroup = BC051E8B1C5070C700100CB7;
			productRefGroup = BC051E951C5070C700100CB7 /* Products */;
			projectDirPath = "";
			projectRoot = "";
			targets = (
				BC051E931C5070C700100CB7 /* SimpleZen */,
			);
		};
/* End PBXProject section */

/* Begin PBXResourcesBuildPhase section */
		BC051E921C5070C700100CB7 /* Resources */ = {
			isa = PBXResourcesBuildPhase;
			buildActionMask = 2147483647;
			files = (
				BC051EA21C5070C700100CB7 /* LaunchScreen.storyboard in Resources */,
				BC051E9F1C5070C700100CB7 /* Assets.xcassets in Resources */,
				BC051E9D1C5070C700100CB7 /* Main.storyboard in Resources */,
			);
			runOnlyForDeploymentPostprocessing = 0;
		};
/* End PBXResourcesBuildPhase section */

/* Begin PBXSourcesBuildPhase section */
		BC051E901C5070C700100CB7 /* Sources */ = {
			isa = PBXSourcesBuildPhase;
			buildActionMask = 2147483647;
			files = (
				BC051E9A1C5070C700100CB7 /* ViewController.swift in Sources */,
				BC051E981C5070C700100CB7 /* AppDelegate.swift in Sources */,
				BC051EAA1C51B6AB00100CB7 /* MeditationModel.swift in Sources */,
				BC051EAC1C51FB9C00100CB7 /* ColorModel.swift in Sources */,
			);
			runOnlyForDeploymentPostprocessing = 0;
		};
/* End PBXSourcesBuildPhase section */

/* Begin PBXVariantGroup section */
		BC051E9B1C5070C700100CB7 /* Main.storyboard */ = {
			isa = PBXVariantGroup;
			children = (
				BC051E9C1C5070C700100CB7 /* Base */,
			);
			name = Main.storyboard;
			sourceTree = "<group>";
		};
		BC051EA01C5070C700100CB7 /* LaunchScreen.storyboard */ = {
			isa = PBXVariantGroup;
			children = (
				BC051EA11C5070C700100CB7 /* Base */,
			);
			name = LaunchScreen.storyboard;
			sourceTree = "<group>";
		};
/* End PBXVariantGroup section */

/* Begin XCBuildConfiguration section */
		BC051EA41C5070C700100CB7 /* Debug */ = {
			isa = XCBuildConfiguration;
			buildSettings = {
				ALWAYS_SEARCH_USER_PATHS = NO;
				CLANG_CXX_LANGUAGE_STANDARD = "gnu++0x";
				CLANG_CXX_LIBRARY = "libc++";
				CLANG_ENABLE_MODULES = YES;
				CLANG_ENABLE_OBJC_ARC = YES;
				CLANG_WARN_BOOL_CONVERSION = YES;
				CLANG_WARN_CONSTANT_CONVERSION = YES;
				CLANG_WARN_DIRECT_OBJC_ISA_USAGE = YES_ERROR;
				CLANG_WARN_EMPTY_BODY = YES;
				CLANG_WARN_ENUM_CONVERSION = YES;
				CLANG_WARN_INT_CONVERSION = YES;
				CLANG_WARN_OBJC_ROOT_CLASS = YES_ERROR;
				CLANG_WARN_UNREACHABLE_CODE = YES;
				CLANG_WARN__DUPLICATE_METHOD_MATCH = YES;
				"CODE_SIGN_IDENTITY[sdk=iphoneos*]" = "iPhone Developer";
				COPY_PHASE_STRIP = NO;
				DEBUG_INFORMATION_FORMAT = dwarf;
				ENABLE_STRICT_OBJC_MSGSEND = YES;
				ENABLE_TESTABILITY = YES;
				GCC_C_LANGUAGE_STANDARD = gnu99;
				GCC_DYNAMIC_NO_PIC = NO;
				GCC_NO_COMMON_BLOCKS = YES;
				GCC_OPTIMIZATION_LEVEL = 0;
				GCC_PREPROCESSOR_DEFINITIONS = (
					"DEBUG=1",
					"$(inherited)",
				);
				GCC_WARN_64_TO_32_BIT_CONVERSION = YES;
				GCC_WARN_ABOUT_RETURN_TYPE = YES_ERROR;
				GCC_WARN_UNDECLARED_SELECTOR = YES;
				GCC_WARN_UNINITIALIZED_AUTOS = YES_AGGRESSIVE;
				GCC_WARN_UNUSED_FUNCTION = YES;
				GCC_WARN_UNUSED_VARIABLE = YES;
				IPHONEOS_DEPLOYMENT_TARGET = 9.2;
				MTL_ENABLE_DEBUG_INFO = YES;
				ONLY_ACTIVE_ARCH = YES;
				SDKROOT = iphoneos;
				SWIFT_OPTIMIZATION_LEVEL = "-Onone";
			};
			name = Debug;
		};
		BC051EA51C5070C700100CB7 /* Release */ = {
			isa = XCBuildConfiguration;
			buildSettings = {
				ALWAYS_SEARCH_USER_PATHS = NO;
				CLANG_CXX_LANGUAGE_STANDARD = "gnu++0x";
				CLANG_CXX_LIBRARY = "libc++";
				CLANG_ENABLE_MODULES = YES;
				CLANG_ENABLE_OBJC_ARC = YES;
				CLANG_WARN_BOOL_CONVERSION = YES;
				CLANG_WARN_CONSTANT_CONVERSION = YES;
				CLANG_WARN_DIRECT_OBJC_ISA_USAGE = YES_ERROR;
				CLANG_WARN_EMPTY_BODY = YES;
				CLANG_WARN_ENUM_CONVERSION = YES;
				CLANG_WARN_INT_CONVERSION = YES;
				CLANG_WARN_OBJC_ROOT_CLASS = YES_ERROR;
				CLANG_WARN_UNREACHABLE_CODE = YES;
				CLANG_WARN__DUPLICATE_METHOD_MATCH = YES;
				"CODE_SIGN_IDENTITY[sdk=iphoneos*]" = "iPhone Developer";
				COPY_PHASE_STRIP = NO;
				DEBUG_INFORMATION_FORMAT = "dwarf-with-dsym";
				ENABLE_NS_ASSERTIONS = NO;
				ENABLE_STRICT_OBJC_MSGSEND = YES;
				GCC_C_LANGUAGE_STANDARD = gnu99;
				GCC_NO_COMMON_BLOCKS = YES;
				GCC_WARN_64_TO_32_BIT_CONVERSION = YES;
				GCC_WARN_ABOUT_RETURN_TYPE = YES_ERROR;
				GCC_WARN_UNDECLARED_SELECTOR = YES;
				GCC_WARN_UNINITIALIZED_AUTOS = YES_AGGRESSIVE;
				GCC_WARN_UNUSED_FUNCTION = YES;
				GCC_WARN_UNUSED_VARIABLE = YES;
				IPHONEOS_DEPLOYMENT_TARGET = 9.2;
				MTL_ENABLE_DEBUG_INFO = NO;
				SDKROOT = iphoneos;
				VALIDATE_PRODUCT = YES;
			};
			name = Release;
		};
		BC051EA71C5070C700100CB7 /* Debug */ = {
			isa = XCBuildConfiguration;
			buildSettings = {
				ASSETCATALOG_COMPILER_APPICON_NAME = AppIcon;
				CODE_SIGN_IDENTITY = "iPhone Developer";
				"CODE_SIGN_IDENTITY[sdk=iphoneos*]" = "iPhone Developer";
				INFOPLIST_FILE = SimpleZen/Info.plist;
				IPHONEOS_DEPLOYMENT_TARGET = 9.2;
				LD_RUNPATH_SEARCH_PATHS = "$(inherited) @executable_path/Frameworks";
				PRODUCT_BUNDLE_IDENTIFIER = io.adamcarter.SimpleZen;
				PRODUCT_NAME = "$(TARGET_NAME)";
				PROVISIONING_PROFILE = "";
				TARGETED_DEVICE_FAMILY = 1;
			};
			name = Debug;
		};
		BC051EA81C5070C700100CB7 /* Release */ = {
			isa = XCBuildConfiguration;
			buildSettings = {
				ASSETCATALOG_COMPILER_APPICON_NAME = AppIcon;
				CODE_SIGN_IDENTITY = "iPhone Developer";
				"CODE_SIGN_IDENTITY[sdk=iphoneos*]" = "iPhone Developer";
				INFOPLIST_FILE = SimpleZen/Info.plist;
				IPHONEOS_DEPLOYMENT_TARGET = 9.2;
				LD_RUNPATH_SEARCH_PATHS = "$(inherited) @executable_path/Frameworks";
				PRODUCT_BUNDLE_IDENTIFIER = io.adamcarter.SimpleZen;
				PRODUCT_NAME = "$(TARGET_NAME)";
				PROVISIONING_PROFILE = "";
				TARGETED_DEVICE_FAMILY = 1;
			};
			name = Release;
		};
/* End XCBuildConfiguration section */

/* Begin XCConfigurationList section */
		BC051E8F1C5070C700100CB7 /* Build configuration list for PBXProject "SimpleZen" */ = {
			isa = XCConfigurationList;
			buildConfigurations = (
				BC051EA41C5070C700100CB7 /* Debug */,
				BC051EA51C5070C700100CB7 /* Release */,
			);
			defaultConfigurationIsVisible = 0;
			defaultConfigurationName = Release;
		};
		BC051EA61C5070C700100CB7 /* Build configuration list for PBXNativeTarget "SimpleZen" */ = {
			isa = XCConfigurationList;
			buildConfigurations = (
				BC051EA71C5070C700100CB7 /* Debug */,
				BC051EA81C5070C700100CB7 /* Release */,
			);
			defaultConfigurationIsVisible = 0;
		};
/* End XCConfigurationList section */
	};
	rootObject = BC051E8C1C5070C700100CB7 /* Project object */;
}
